
Microsoft Visual Studio Solution File, Format Version 12.00
# Visual Studio Version 16
VisualStudioVersion = 16.0.31702.278
MinimumVisualStudioVersion = 10.0.40219.1
Project("{FAE04EC0-301F-11D3-BF4B-00C04F79EFBC}") = "MarsRover", "MarsRover\MarsRover.csproj", "{2B74F3A9-36DF-45A4-9CA5-E0C547040E28}"
EndProject
Project("{FAE04EC0-301F-11D3-BF4B-00C04F79EFBC}") = "MarsRover.Model", "MarsRover.Model\MarsRover.Model.csproj", "{C182B68C-8D6F-4F45-B76B-209401D4E651}"
EndProject
Project("{FAE04EC0-301F-11D3-BF4B-00C04F79EFBC}") = "MarsRover.Action", "MarsRover.Action\MarsRover.Action.csproj", "{D9A1824A-5483-472C-95E0-F8740DA70B46}"
EndProject
Project("{FAE04EC0-301F-11D3-BF4B-00C04F79EFBC}") = "MarsRover.Reader", "MarsRover.Reader\MarsRover.Reader.csproj", "{936C5C3C-443F-4B2E-ACF5-177EBBB13134}"
EndProject
Project("{FAE04EC0-301F-11D3-BF4B-00C04F79EFBC}") = "MarsRover.Writer", "MarsRover.Writer\MarsRover.Writer.csproj", "{9E0AB281-8EF7-49B3-87D2-F583248BA44B}"
EndProject
Project("{FAE04EC0-301F-11D3-BF4B-00C04F79EFBC}") = "MarsRover.Test", "MarsRover.Test\MarsRover.Test.csproj", "{1941A076-7FEA-460C-8B31-071C810F4125}"
EndProject
Global
	GlobalSection(SolutionConfigurationPlatforms) = preSolution
		Debug|Any CPU = Debug|Any CPU
		Release|Any CPU = Release|Any CPU
	EndGlobalSection
	GlobalSection(ProjectConfigurationPlatforms) = postSolution
		{2B74F3A9-36DF-45A4-9CA5-E0C547040E28}.Debug|Any CPU.ActiveCfg = Debug|Any CPU
		{2B74F3A9-36DF-45A4-9CA5-E0C547040E28}.Debug|Any CPU.Build.0 = Debug|Any CPU
		{2B74F3A9-36DF-45A4-9CA5-E0C547040E28}.Release|Any CPU.ActiveCfg = Release|Any CPU
		{2B74F3A9-36DF-45A4-9CA5-E0C547040E28}.Release|Any CPU.Build.0 = Release|Any CPU
		{C182B68C-8D6F-4F45-B76B-209401D4E651}.Debug|Any CPU.ActiveCfg = Debug|Any CPU
		{C182B68C-8D6F-4F45-B76B-209401D4E651}.Debug|Any CPU.Build.0 = Debug|Any CPU
		{C182B68C-8D6F-4F45-B76B-209401D4E651}.Release|Any CPU.ActiveCfg = Release|Any CPU
		{C182B68C-8D6F-4F45-B76B-209401D4E651}.Release|Any CPU.Build.0 = Release|Any CPU
		{D9A1824A-5483-472C-95E0-F8740DA70B46}.Debug|Any CPU.ActiveCfg = Debug|Any CPU
		{D9A1824A-5483-472C-95E0-F8740DA70B46}.Debug|Any CPU.Build.0 = Debug|Any CPU
		{D9A1824A-5483-472C-95E0-F8740DA70B46}.Release|Any CPU.ActiveCfg = Release|Any CPU
		{D9A1824A-5483-472C-95E0-F8740DA70B46}.Release|Any CPU.Build.0 = Release|Any CPU
		{936C5C3C-443F-4B2E-ACF5-177EBBB13134}.Debug|Any CPU.ActiveCfg = Debug|Any CPU
		{936C5C3C-443F-4B2E-ACF5-177EBBB13134}.Debug|Any CPU.Build.0 = Debug|Any CPU
		{936C5C3C-443F-4B2E-ACF5-177EBBB13134}.Release|Any CPU.ActiveCfg = Release|Any CPU
		{936C5C3C-443F-4B2E-ACF5-177EBBB13134}.Release|Any CPU.Build.0 = Release|Any CPU
		{9E0AB281-8EF7-49B3-87D2-F583248BA44B}.Debug|Any CPU.ActiveCfg = Debug|Any CPU
		{9E0AB281-8EF7-49B3-87D2-F583248BA44B}.Debug|Any CPU.Build.0 = Debug|Any CPU
		{9E0AB281-8EF7-49B3-87D2-F583248BA44B}.Release|Any CPU.ActiveCfg = Release|Any CPU
		{9E0AB281-8EF7-49B3-87D2-F583248BA44B}.Release|Any CPU.Build.0 = Release|Any CPU
		{1941A076-7FEA-460C-8B31-071C810F4125}.Debug|Any CPU.ActiveCfg = Debug|Any CPU
		{1941A076-7FEA-460C-8B31-071C810F4125}.Debug|Any CPU.Build.0 = Debug|Any CPU
		{1941A076-7FEA-460C-8B31-071C810F4125}.Release|Any CPU.ActiveCfg = Release|Any CPU
		{1941A076-7FEA-460C-8B31-071C810F4125}.Release|Any CPU.Build.0 = Release|Any CPU
	EndGlobalSection
	GlobalSection(SolutionProperties) = preSolution
		HideSolutionNode = FALSE
	EndGlobalSection
	GlobalSection(ExtensibilityGlobals) = postSolution
		SolutionGuid = {3CF25003-6F3A-4B88-A040-EA67073B35FC}
	EndGlobalSection
EndGlobal
